
Microsoft Visual Studio Solution File, Format Version 12.00
# Visual Studio Version 17
VisualStudioVersion = 17.5.33627.172
MinimumVisualStudioVersion = 10.0.40219.1
Project("{FAE04EC0-301F-11D3-BF4B-00C04F79EFBC}") = "Post", "Post.csproj", "{E6960DB9-1511-4B7A-9553-9606C44CA825}"
EndProject
Global
	GlobalSection(SolutionConfigurationPlatforms) = preSolution
		Debug|Any CPU = Debug|Any CPU
		Release|Any CPU = Release|Any CPU
	EndGlobalSection
	GlobalSection(ProjectConfigurationPlatforms) = postSolution
		{E6960DB9-1511-4B7A-9553-9606C44CA825}.Debug|Any CPU.ActiveCfg = Debug|Any CPU
		{E6960DB9-1511-4B7A-9553-9606C44CA825}.Debug|Any CPU.Build.0 = Debug|Any CPU
		{E6960DB9-1511-4B7A-9553-9606C44CA825}.Release|Any CPU.ActiveCfg = Release|Any CPU
		{E6960DB9-1511-4B7A-9553-9606C44CA825}.Release|Any CPU.Build.0 = Release|Any CPU
	EndGlobalSection
	GlobalSection(SolutionProperties) = preSolution
		HideSolutionNode = FALSE
	EndGlobalSection
	GlobalSection(ExtensibilityGlobals) = postSolution
		SolutionGuid = {16C20BAF-76A4-4C48-B9E6-DE3557CF15DA}
	EndGlobalSection
EndGlobal
